
Microsoft Visual Studio Solution File, Format Version 12.00
# Visual Studio Version 17
VisualStudioVersion = 17.6.33723.286
MinimumVisualStudioVersion = 10.0.40219.1
Project("{FAE04EC0-301F-11D3-BF4B-00C04F79EFBC}") = "MARKET-PLACE", "MARKET-PLACE.csproj", "{D2C35DB0-532E-4E11-84D4-59B53B342730}"
EndProject
Global
	GlobalSection(SolutionConfigurationPlatforms) = preSolution
		Debug|Any CPU = Debug|Any CPU
		Release|Any CPU = Release|Any CPU
	EndGlobalSection
	GlobalSection(ProjectConfigurationPlatforms) = postSolution
		{D2C35DB0-532E-4E11-84D4-59B53B342730}.Debug|Any CPU.ActiveCfg = Debug|Any CPU
		{D2C35DB0-532E-4E11-84D4-59B53B342730}.Debug|Any CPU.Build.0 = Debug|Any CPU
		{D2C35DB0-532E-4E11-84D4-59B53B342730}.Release|Any CPU.ActiveCfg = Release|Any CPU
		{D2C35DB0-532E-4E11-84D4-59B53B342730}.Release|Any CPU.Build.0 = Release|Any CPU
	EndGlobalSection
	GlobalSection(SolutionProperties) = preSolution
		HideSolutionNode = FALSE
	EndGlobalSection
	GlobalSection(ExtensibilityGlobals) = postSolution
		SolutionGuid = {CBF51AAA-43BE-4795-BFC8-C3EA72DF83D3}
	EndGlobalSection
EndGlobal
